
Microsoft Visual Studio Solution File, Format Version 12.00
# Visual Studio Version 16
VisualStudioVersion = 16.0.31005.135
MinimumVisualStudioVersion = 10.0.40219.1
Project("{FAE04EC0-301F-11D3-BF4B-00C04F79EFBC}") = "Project.Android", "Project\Project.Android\Project.Android.csproj", "{AA27B684-C9D6-484F-BA02-77988D8B95D4}"
EndProject
Project("{FAE04EC0-301F-11D3-BF4B-00C04F79EFBC}") = "Project", "Project\Project\Project.csproj", "{97B5DAAB-CED8-41D2-A5E4-2F2DDD40FC82}"
EndProject
Global
	GlobalSection(SolutionConfigurationPlatforms) = preSolution
		Debug|Any CPU = Debug|Any CPU
		Release|Any CPU = Release|Any CPU
	EndGlobalSection
	GlobalSection(ProjectConfigurationPlatforms) = postSolution
		{AA27B684-C9D6-484F-BA02-77988D8B95D4}.Debug|Any CPU.ActiveCfg = Debug|Any CPU
		{AA27B684-C9D6-484F-BA02-77988D8B95D4}.Debug|Any CPU.Build.0 = Debug|Any CPU
		{AA27B684-C9D6-484F-BA02-77988D8B95D4}.Debug|Any CPU.Deploy.0 = Debug|Any CPU
		{AA27B684-C9D6-484F-BA02-77988D8B95D4}.Release|Any CPU.ActiveCfg = Release|Any CPU
		{AA27B684-C9D6-484F-BA02-77988D8B95D4}.Release|Any CPU.Build.0 = Release|Any CPU
		{AA27B684-C9D6-484F-BA02-77988D8B95D4}.Release|Any CPU.Deploy.0 = Release|Any CPU
		{97B5DAAB-CED8-41D2-A5E4-2F2DDD40FC82}.Debug|Any CPU.ActiveCfg = Debug|Any CPU
		{97B5DAAB-CED8-41D2-A5E4-2F2DDD40FC82}.Debug|Any CPU.Build.0 = Debug|Any CPU
		{97B5DAAB-CED8-41D2-A5E4-2F2DDD40FC82}.Debug|Any CPU.Deploy.0 = Debug|Any CPU
		{97B5DAAB-CED8-41D2-A5E4-2F2DDD40FC82}.Release|Any CPU.ActiveCfg = Release|Any CPU
		{97B5DAAB-CED8-41D2-A5E4-2F2DDD40FC82}.Release|Any CPU.Build.0 = Release|Any CPU
		{97B5DAAB-CED8-41D2-A5E4-2F2DDD40FC82}.Release|Any CPU.Deploy.0 = Release|Any CPU
	EndGlobalSection
	GlobalSection(SolutionProperties) = preSolution
		HideSolutionNode = FALSE
	EndGlobalSection
	GlobalSection(ExtensibilityGlobals) = postSolution
		SolutionGuid = {7AE6D133-C1BA-4BE3-9EA9-D6842D2E89E4}
	EndGlobalSection
EndGlobal
